
Microsoft Visual Studio Solution File, Format Version 12.00
# Visual Studio Version 17
VisualStudioVersion = 17.8.34330.188
MinimumVisualStudioVersion = 10.0.40219.1
Project("{9A19103F-16F7-4668-BE54-9A1E7A4F7556}") = "BlazorMyApp", "BlazorMyApp\BlazorMyApp.csproj", "{25A0DCFB-474F-4D77-A586-618F175BE64E}"
EndProject
Global
	GlobalSection(SolutionConfigurationPlatforms) = preSolution
		Debug|Any CPU = Debug|Any CPU
		Release|Any CPU = Release|Any CPU
	EndGlobalSection
	GlobalSection(ProjectConfigurationPlatforms) = postSolution
		{25A0DCFB-474F-4D77-A586-618F175BE64E}.Debug|Any CPU.ActiveCfg = Debug|Any CPU
		{25A0DCFB-474F-4D77-A586-618F175BE64E}.Debug|Any CPU.Build.0 = Debug|Any CPU
		{25A0DCFB-474F-4D77-A586-618F175BE64E}.Release|Any CPU.ActiveCfg = Release|Any CPU
		{25A0DCFB-474F-4D77-A586-618F175BE64E}.Release|Any CPU.Build.0 = Release|Any CPU
	EndGlobalSection
	GlobalSection(SolutionProperties) = preSolution
		HideSolutionNode = FALSE
	EndGlobalSection
	GlobalSection(ExtensibilityGlobals) = postSolution
		SolutionGuid = {99827A1E-11BE-48FB-8BBA-33D61BB855F9}
	EndGlobalSection
EndGlobal
